
Microsoft Visual Studio Solution File, Format Version 12.00
# Visual Studio Version 16
VisualStudioVersion = 16.0.34114.132
MinimumVisualStudioVersion = 10.0.40219.1
Project("{FAE04EC0-301F-11D3-BF4B-00C04F79EFBC}") = "CarSystem", "CarSystem\CarSystem.csproj", "{D27114B8-7485-4D95-A9E5-23FF54BDC5A2}"
EndProject
Global
	GlobalSection(SolutionConfigurationPlatforms) = preSolution
		Debug|Any CPU = Debug|Any CPU
		Release|Any CPU = Release|Any CPU
	EndGlobalSection
	GlobalSection(ProjectConfigurationPlatforms) = postSolution
		{D27114B8-7485-4D95-A9E5-23FF54BDC5A2}.Debug|Any CPU.ActiveCfg = Debug|Any CPU
		{D27114B8-7485-4D95-A9E5-23FF54BDC5A2}.Debug|Any CPU.Build.0 = Debug|Any CPU
		{D27114B8-7485-4D95-A9E5-23FF54BDC5A2}.Release|Any CPU.ActiveCfg = Release|Any CPU
		{D27114B8-7485-4D95-A9E5-23FF54BDC5A2}.Release|Any CPU.Build.0 = Release|Any CPU
	EndGlobalSection
	GlobalSection(SolutionProperties) = preSolution
		HideSolutionNode = FALSE
	EndGlobalSection
	GlobalSection(ExtensibilityGlobals) = postSolution
		SolutionGuid = {11422BD0-4069-400B-AAC8-2A3DFF20DD68}
	EndGlobalSection
EndGlobal
